
Microsoft Visual Studio Solution File, Format Version 12.00
# Visual Studio Version 17
VisualStudioVersion = 17.1.32414.318
MinimumVisualStudioVersion = 10.0.40219.1
Project("{FAE04EC0-301F-11D3-BF4B-00C04F79EFBC}") = "SkillBase", "SkillBase.csproj", "{6590F667-4774-49E7-9A92-5EDF6F02F97F}"
EndProject
Global
	GlobalSection(SolutionConfigurationPlatforms) = preSolution
		Debug|Any CPU = Debug|Any CPU
		Release|Any CPU = Release|Any CPU
	EndGlobalSection
	GlobalSection(ProjectConfigurationPlatforms) = postSolution
		{6590F667-4774-49E7-9A92-5EDF6F02F97F}.Debug|Any CPU.ActiveCfg = Debug|Any CPU
		{6590F667-4774-49E7-9A92-5EDF6F02F97F}.Debug|Any CPU.Build.0 = Debug|Any CPU
		{6590F667-4774-49E7-9A92-5EDF6F02F97F}.Release|Any CPU.ActiveCfg = Release|Any CPU
		{6590F667-4774-49E7-9A92-5EDF6F02F97F}.Release|Any CPU.Build.0 = Release|Any CPU
	EndGlobalSection
	GlobalSection(SolutionProperties) = preSolution
		HideSolutionNode = FALSE
	EndGlobalSection
	GlobalSection(ExtensibilityGlobals) = postSolution
		SolutionGuid = {BB9B5DC8-5D0F-4050-A7E2-046577B71977}
	EndGlobalSection
EndGlobal
